<?xml version="1.0" encoding="utf-8"?>
<DesignLock DesignPath="d:\\SW\\Streamlit\\MCP servers\\outputs\\d33bc9ed-3c7d-4a38-a89a-88937a22f483\\modelings\\masta_design_20251016_160856.masta" UserName="user" MachineName="DESKTOP-2GLDQAH" ProcessId="39600" CreationDate="2025-10-16T07:09:00.6828244Z" FileStatusHashCode="5fe127c5" />