<?xml version="1.0" encoding="utf-8"?>
<DesignLock DesignPath="D:\\SW\\Streamlit\\MCP servers\\outputs\\5c6fd326-5fb0-436b-a823-fb298bfbc954\\modelings\\masta_design_20251016_140354.masta" UserName="user" MachineName="DESKTOP-2GLDQAH" ProcessId="20372" CreationDate="2025-10-16T05:03:58.5600671Z" FileStatusHashCode="bff3aa7b" />