<?xml version="1.0" encoding="utf-8"?>
<DesignLock DesignPath="D:\\SW\\Streamlit\\MCP servers\\outputs\\a8260560-ac36-47b1-86e6-a98bcca29c13\\modelings\\masta_design_20251016_162723.masta" UserName="user" MachineName="DESKTOP-2GLDQAH" ProcessId="32528" CreationDate="2025-10-16T07:27:27.0318303Z" FileStatusHashCode="69a2ba14" />