<?xml version="1.0" encoding="utf-8"?>
<DesignLock DesignPath="d:\\SW\\Streamlit\\MCP servers\\outputs\\6ec0562d-c32d-444c-b5d1-124180b7331e\\modelings\\masta_design_20251016_155727.masta" UserName="user" MachineName="DESKTOP-2GLDQAH" ProcessId="30048" CreationDate="2025-10-16T06:57:32.4204103Z" FileStatusHashCode="d573ae39" />