<?xml version="1.0" encoding="utf-8"?>
<DesignLock DesignPath="d:\\SW\\Streamlit\\MCP servers\\outputs\\5f523d0c-b461-415c-9c9e-61842819dc06\\modelings\\masta_design_20251014_191747.masta" UserName="user" MachineName="DESKTOP-2GLDQAH" ProcessId="38188" CreationDate="2025-10-14T10:17:52.7513944Z" FileStatusHashCode="7719de23" />