<?xml version="1.0" encoding="utf-8"?>
<DesignLock DesignPath="D:\\SW\\Streamlit\\MCP servers\\outputs\\cf1f145d-3672-409f-9fc9-6d2c298f721a\\modelings\\masta_design_20251016_165515.masta" UserName="user" MachineName="DESKTOP-2GLDQAH" ProcessId="33204" CreationDate="2025-10-16T07:55:20.7296970Z" FileStatusHashCode="f9c169fb" />