<?xml version="1.0" encoding="utf-8"?>
<DesignLock DesignPath="D:\\SW\\Streamlit\\MCP servers\\outputs\\2d9a7718-85e8-4b00-8ea6-824f64ee6d1d\\modelings\\masta_design_20251016_162600.masta" UserName="user" MachineName="DESKTOP-2GLDQAH" ProcessId="32188" CreationDate="2025-10-16T07:26:05.6927769Z" FileStatusHashCode="7d3fb140" />