<?xml version="1.0" encoding="utf-8"?>
<DesignLock DesignPath="D:\\SW\\Streamlit\\MCP servers\\outputs\\401190a0-0e66-4f72-9743-dff2ead513cd\\modelings\\masta_design_20251016_165648.masta" UserName="user" MachineName="DESKTOP-2GLDQAH" ProcessId="44672" CreationDate="2025-10-16T07:56:53.0204736Z" FileStatusHashCode="56816f6a" />