<?xml version="1.0" encoding="utf-8"?>
<DesignLock DesignPath="d:\\SW\\Streamlit\\MCP servers\\outputs\\af734fe8-b5e1-4aff-a8c8-c896d8ebd00f\\modelings\\gear_with_bearing_model.masta" UserName="user" MachineName="DESKTOP-2GLDQAH" ProcessId="23868" CreationDate="2025-10-14T10:02:25.0332769Z" FileStatusHashCode="0b20de51" />