<?xml version="1.0" encoding="utf-8"?>
<DesignLock DesignPath="D:\\SW\\Streamlit\\MCP servers\\outputs\\46a8ebd5-91b3-46c6-928c-43d0275233fa\\modelings\\masta_design_20251016_163002.masta" UserName="user" MachineName="DESKTOP-2GLDQAH" ProcessId="34032" CreationDate="2025-10-16T07:30:06.3137224Z" FileStatusHashCode="d1788868" />