<?xml version="1.0" encoding="utf-8"?>
<DesignLock DesignPath="d:\\SW\\Streamlit\\MCP servers\\outputs\\7b9058fe-6662-43df-834b-29bffd613652\\modelings\\gear_with_bearing_model.masta" UserName="user" MachineName="DESKTOP-2GLDQAH" ProcessId="38504" CreationDate="2025-10-16T05:37:50.0365080Z" FileStatusHashCode="29b18d40" />