<?xml version="1.0" encoding="utf-8"?>
<DesignLock DesignPath="d:\\SW\\Streamlit\\MCP servers\\outputs\\7b9058fe-6662-43df-834b-29bffd613652\\modelings\\masta_design_20251016_143745.masta" UserName="user" MachineName="DESKTOP-2GLDQAH" ProcessId="38504" CreationDate="2025-10-16T05:37:48.7224637Z" FileStatusHashCode="c0a439a8" />