<?xml version="1.0" encoding="utf-8"?>
<DesignLock DesignPath="D:\\SW\\Streamlit\\MCP servers\\outputs\\f53df2f1-bb06-4d44-95b4-297de84558bb\\modelings\\masta_design_20251016_165410.masta" UserName="user" MachineName="DESKTOP-2GLDQAH" ProcessId="15744" CreationDate="2025-10-16T07:54:16.1150805Z" FileStatusHashCode="688b249a" />