<?xml version="1.0" encoding="utf-8"?>
<DesignLock DesignPath="D:\\SW\\Streamlit\\MCP servers\\outputs\\64bd1f87-ca4f-4006-844f-a12c1b5087c6\\modelings\\3to1_Reducer_100kW_Simple_Sizing.masta" UserName="user" MachineName="DESKTOP-2GLDQAH" ProcessId="23272" CreationDate="2025-11-07T06:28:12.9118371Z" FileStatusHashCode="a928d7bb" />