<?xml version="1.0" encoding="utf-8"?>
<DesignLock DesignPath="D:\\SW\\Streamlit\\MCP servers\\outputs\\efca2bf0-0fb0-4880-a8a7-7b8a2a6f7d23\\modelings\\masta_design_20251016_165952.masta" UserName="user" MachineName="DESKTOP-2GLDQAH" ProcessId="11748" CreationDate="2025-10-16T07:59:56.6757639Z" FileStatusHashCode="553adc12" />