<?xml version="1.0" encoding="utf-8"?>
<DesignLock DesignPath="D:\\SW\\Streamlit\\MCP servers\\outputs\\db41b015-5f4d-474e-8dd7-59c9b5a860fd\\modelings\\gear_with_bearing_model.masta" UserName="user" MachineName="DESKTOP-2GLDQAH" ProcessId="26940" CreationDate="2025-10-16T05:48:47.1318035Z" FileStatusHashCode="4af54484" />