<?xml version="1.0" encoding="utf-8"?>
<DesignLock DesignPath="d:\\SW\\Streamlit\\MCP servers\\outputs\\f75e7e42-2d7c-4fcb-8e7f-4aae91cbab34\\modelings\\gear_with_bearing_model.masta" UserName="user" MachineName="DESKTOP-2GLDQAH" ProcessId="44324" CreationDate="2025-10-16T06:36:58.3678359Z" FileStatusHashCode="f0645030" />