<?xml version="1.0" encoding="utf-8"?>
<DesignLock DesignPath="d:\\SW\\Streamlit\\MCP servers\\outputs\\8b825ad4-3fc5-4ba7-bac0-7ebe29ffbf54\\modelings\\full_model_with_load_cases.masta" UserName="user" MachineName="DESKTOP-2GLDQAH" ProcessId="30932" CreationDate="2025-11-06T06:07:18.0720191Z" FileStatusHashCode="d923e2c0" />