<?xml version="1.0" encoding="utf-8"?>
<DesignLock DesignPath="d:\\SW\\Streamlit\\MCP servers\\outputs\\8b825ad4-3fc5-4ba7-bac0-7ebe29ffbf54\\modelings\\gear_with_bearing_model.masta" UserName="user" MachineName="DESKTOP-2GLDQAH" ProcessId="30932" CreationDate="2025-11-06T06:07:12.6859220Z" FileStatusHashCode="bfd171db" />