<?xml version="1.0" encoding="utf-8"?>
<DesignLock DesignPath="D:\\SW\\Streamlit\\MCP servers\\outputs\\21e16930-22ca-4f05-95da-3fb55afe319b\\modelings\\gear_with_bearing_model.masta" UserName="user" MachineName="DESKTOP-2GLDQAH" ProcessId="44552" CreationDate="2025-10-16T08:01:41.1286131Z" FileStatusHashCode="01377acd" />