<?xml version="1.0" encoding="utf-8"?>
<DesignLock DesignPath="D:\\SW\\Streamlit\\MCP servers\\outputs\\cc2d28c0-926e-454d-af11-b6c88e953f46\\modelings\\masta_design_20251016_144950.masta" UserName="user" MachineName="DESKTOP-2GLDQAH" ProcessId="43212" CreationDate="2025-10-16T05:49:54.2541071Z" FileStatusHashCode="c70383cd" />