<?xml version="1.0" encoding="utf-8"?>
<DesignLock DesignPath="D:\\SW\\Streamlit\\MCP servers\\outputs\\ce72c30a-f33f-4130-a187-c06f3daa1a04\\modelings\\masta_design_20251016_143419.masta" UserName="user" MachineName="DESKTOP-2GLDQAH" ProcessId="36692" CreationDate="2025-10-16T05:34:23.2795264Z" FileStatusHashCode="9e5777e2" />