<?xml version="1.0" encoding="utf-8"?>
<DesignLock DesignPath="d:\\SW\\Streamlit\\MCP servers\\outputs\\96c7b4cc-2cf2-4d8b-84d5-b3106583d8ae\\modelings\\gear_with_bearing_model.masta" UserName="user" MachineName="DESKTOP-2GLDQAH" ProcessId="36988" CreationDate="2025-10-14T09:02:27.1127749Z" FileStatusHashCode="d52a42f8" />