<?xml version="1.0" encoding="utf-8"?>
<DesignLock DesignPath="d:\\SW\\Streamlit\\MCP servers\\outputs\\96c7b4cc-2cf2-4d8b-84d5-b3106583d8ae\\modelings\\masta_design_20251014_180220.masta" UserName="user" MachineName="DESKTOP-2GLDQAH" ProcessId="36988" CreationDate="2025-10-14T09:02:24.9114497Z" FileStatusHashCode="e6ec5676" />