<?xml version="1.0" encoding="utf-8"?>
<DesignLock DesignPath="D:\\SW\\Streamlit\\MCP servers\\outputs\\49efb66a-f582-4a1a-81ba-cf195b6dc7d7\\modelings\\masta_design_20251016_163623.masta" UserName="user" MachineName="DESKTOP-2GLDQAH" ProcessId="13040" CreationDate="2025-10-16T07:36:27.4744067Z" FileStatusHashCode="ad4c1bbb" />