<?xml version="1.0" encoding="utf-8"?>
<DesignLock DesignPath="d:\\SW\\Streamlit\\MCP servers\\outputs\\00c49742-a8c2-48ec-a632-b363b87a967d\\modelings\\masta_design_20251014_172819.masta" UserName="user" MachineName="DESKTOP-2GLDQAH" ProcessId="38680" CreationDate="2025-10-14T08:28:24.7483349Z" FileStatusHashCode="c3994e1a" />