<?xml version="1.0" encoding="utf-8"?>
<DesignLock DesignPath="D:\\SW\\Streamlit\\MCP servers\\outputs\\c9969ab2-8c46-4e37-a687-f8fa5c2919e3\\modelings\\masta_design_20251016_163852.masta" UserName="user" MachineName="DESKTOP-2GLDQAH" ProcessId="5296" CreationDate="2025-10-16T07:38:56.8258036Z" FileStatusHashCode="82bd540b" />