<?xml version="1.0" encoding="utf-8"?>
<DesignLock DesignPath="d:\\SW\\Streamlit\\MCP servers\\outputs\\28484464-cc1b-4b5c-bb47-ffa9dce3e4f4\\modelings\\gear_with_bearing_model.masta" UserName="user" MachineName="DESKTOP-2GLDQAH" ProcessId="7976" CreationDate="2025-10-16T06:20:05.3857679Z" FileStatusHashCode="cc300403" />