<?xml version="1.0" encoding="utf-8"?>
<DesignLock DesignPath="d:\\SW\\Streamlit\\MCP servers\\outputs\\6d5787de-5d05-4b27-8b1d-33597a7945fd\\modelings\\masta_design_20251014_185949.masta" UserName="user" MachineName="DESKTOP-2GLDQAH" ProcessId="16940" CreationDate="2025-10-14T09:59:53.8211814Z" FileStatusHashCode="fcdabbe0" />