<?xml version="1.0" encoding="utf-8"?>
<DesignLock DesignPath="D:\\SW\\Streamlit\\MCP servers\\outputs\\0f6fe02b-66a7-46ac-8940-1852a82e63c8\\modelings\\gear_with_bearing_model.masta" UserName="user" MachineName="DESKTOP-2GLDQAH" ProcessId="5568" CreationDate="2025-10-16T05:40:38.0138334Z" FileStatusHashCode="e739ee03" />