<?xml version="1.0" encoding="utf-8"?>
<DesignLock DesignPath="D:\\SW\\Streamlit\\MCP servers\\outputs\\0f6fe02b-66a7-46ac-8940-1852a82e63c8\\modelings\\masta_design_20251016_144032.masta" UserName="user" MachineName="DESKTOP-2GLDQAH" ProcessId="5568" CreationDate="2025-10-16T05:40:36.0949521Z" FileStatusHashCode="202b9299" />