<?xml version="1.0" encoding="utf-8"?>
<DesignLock DesignPath="d:\\SW\\Streamlit\\MCP servers\\outputs\\3c433aa9-53c7-441d-ba6f-bfce47366f13\\modelings\\masta_design_20251016_135239.masta" UserName="user" MachineName="DESKTOP-2GLDQAH" ProcessId="41760" CreationDate="2025-10-16T04:52:44.1793716Z" FileStatusHashCode="b52e1ab3" />