<?xml version="1.0" encoding="utf-8"?>
<DesignLock DesignPath="D:\\SW\\Streamlit\\MCP servers\\outputs\\634d7a7f-95d8-42fe-b52b-c4dc25e3eb81\\modelings\\masta_design_20251016_163511.masta" UserName="user" MachineName="DESKTOP-2GLDQAH" ProcessId="30240" CreationDate="2025-10-16T07:35:15.5766080Z" FileStatusHashCode="5826a3b7" />