<?xml version="1.0" encoding="utf-8"?>
<DesignLock DesignPath="d:\\SW\\Streamlit\\MCP servers\\outputs\\bb32381d-4bed-452e-8e69-34bab46a5c93\\modelings\\gear_with_bearing_model.masta" UserName="user" MachineName="DESKTOP-2GLDQAH" ProcessId="19036" CreationDate="2025-10-16T07:31:42.3025862Z" FileStatusHashCode="9e388279" />