<?xml version="1.0" encoding="utf-8"?>
<DesignLock DesignPath="d:\\SW\\Streamlit\\MCP servers\\outputs\\6238f8d3-b52a-43e7-87bd-49f0a5bca7d3\\modelings\\gear_with_bearing_model.masta" UserName="user" MachineName="DESKTOP-2GLDQAH" ProcessId="17752" CreationDate="2025-10-14T09:14:07.8103714Z" FileStatusHashCode="f2d8f5ee" />