<?xml version="1.0" encoding="utf-8"?>
<DesignLock DesignPath="D:\\SW\\Streamlit\\MCP servers\\outputs\\c6d91f6c-0c1f-4e37-8800-aa7bcdffcb50\\modelings\\masta_design_20251016_140144.masta" UserName="user" MachineName="DESKTOP-2GLDQAH" ProcessId="18668" CreationDate="2025-10-16T05:01:49.5731447Z" FileStatusHashCode="f613d2cb" />