<?xml version="1.0" encoding="utf-8"?>
<DesignLock DesignPath="d:\\SW\\Streamlit\\MCP servers\\outputs\\0ea8ab36-6e19-4120-9e9a-ea8e21220b2b\\modelings\\masta_design_20251014_191556.masta" UserName="user" MachineName="DESKTOP-2GLDQAH" ProcessId="38440" CreationDate="2025-10-14T10:15:59.8875317Z" FileStatusHashCode="8e05d413" />