<?xml version="1.0" encoding="utf-8"?>
<DesignLock DesignPath="D:\\SW\\Streamlit\\MCP servers\\outputs\\e55c7c27-d15b-4693-89bf-09e426c63ed1\\modelings\\test_power_load_final.masta" UserName="user" MachineName="DESKTOP-2GLDQAH" ProcessId="12896" CreationDate="2025-10-16T08:37:48.1612935Z" FileStatusHashCode="f64776a7" />