<?xml version="1.0" encoding="utf-8"?>
<DesignLock DesignPath="D:\\SW\\Streamlit\\MCP servers\\outputs\\854feaf4-e603-466c-a6ef-a1b6e2ed0c66\\modelings\\masta_design_20251016_162855.masta" UserName="user" MachineName="DESKTOP-2GLDQAH" ProcessId="10128" CreationDate="2025-10-16T07:29:00.0448045Z" FileStatusHashCode="e4779334" />