<?xml version="1.0" encoding="utf-8"?>
<DesignLock DesignPath="D:\\SW\\Streamlit\\MCP servers\\outputs\\a97f167c-7303-479e-b3b0-c0c9c5448024\\modelings\\gear_with_bearing_model.masta" UserName="user" MachineName="DESKTOP-2GLDQAH" ProcessId="42148" CreationDate="2025-10-16T05:45:57.5236689Z" FileStatusHashCode="622f9163" />