<?xml version="1.0" encoding="utf-8"?>
<DesignLock DesignPath="D:\\SW\\Streamlit\\MCP servers\\outputs\\903ba0ee-052a-4f23-9f36-aac2041a46ae\\modelings\\masta_design_20251016_144148.masta" UserName="user" MachineName="DESKTOP-2GLDQAH" ProcessId="35008" CreationDate="2025-10-16T05:41:51.9256070Z" FileStatusHashCode="44b71f31" />