<?xml version="1.0" encoding="utf-8"?>
<DesignLock DesignPath="D:\\SW\\Streamlit\\MCP servers\\outputs\\9ab9b895-ce30-459d-bc0f-b171fc27b72b\\modelings\\gear_with_bearing_model.masta" UserName="user" MachineName="DESKTOP-2GLDQAH" ProcessId="10568" CreationDate="2025-10-16T05:17:58.1258274Z" FileStatusHashCode="5d94a559" />