<?xml version="1.0" encoding="utf-8"?>
<DesignLock DesignPath="d:\\SW\\Streamlit\\MCP servers\\outputs\\f02cc748-7030-47fa-94b4-a0f72097a710\\modelings\\masta_design_20251016_151200.masta" UserName="user" MachineName="DESKTOP-2GLDQAH" ProcessId="17488" CreationDate="2025-10-16T06:12:04.5883748Z" FileStatusHashCode="b390d1d2" />