<?xml version="1.0" encoding="utf-8"?>
<DesignLock DesignPath="D:\\SW\\Streamlit\\MCP servers\\outputs\\769eba58-836f-46b2-9d6d-b7517d45b325\\modelings\\masta_design_20251016_165813.masta" UserName="user" MachineName="DESKTOP-2GLDQAH" ProcessId="22412" CreationDate="2025-10-16T07:58:17.5536160Z" FileStatusHashCode="14d14f41" />