<?xml version="1.0" encoding="utf-8"?>
<DesignLock DesignPath="D:\\SW\\Streamlit\\MCP servers\\outputs\\59fa4755-1a93-4b19-81cc-735052d2de28\\modelings\\gear_with_bearing_model.masta" UserName="user" MachineName="DESKTOP-2GLDQAH" ProcessId="3692" CreationDate="2025-10-17T07:22:11.4162186Z" FileStatusHashCode="f814b9e1" />