<?xml version="1.0" encoding="utf-8"?>
<DesignLock DesignPath="D:\\SW\\Streamlit\\MCP servers\\outputs\\59fa4755-1a93-4b19-81cc-735052d2de28\\modelings\\masta_design_20251017_162204.masta" UserName="user" MachineName="DESKTOP-2GLDQAH" ProcessId="3692" CreationDate="2025-10-17T07:22:08.5381989Z" FileStatusHashCode="e1ddf13c" />